{
  "pins" : [
    {
      "identity" : "animatedtabbar",
      "kind" : "remoteSourceControl",
      "location" : "https://github.com/exyte/AnimatedTabBar.git",
      "state" : {
        "revision" : "6d969be00b048f5ce34874244255b2c31704c27a",
        "version" : "0.0.1"
      }
    },
    {
      "identity" : "swiftpiechart",
      "kind" : "remoteSourceControl",
      "location" : "https://github.com/philitingar/SwiftPieChart.git",
      "state" : {
        "branch" : "main",
        "revision" : "d33d7ee76c269ee382870813467f80048399299f"
      }
    }
  ],
  "version" : 2
}
